
Microsoft Visual Studio Solution File, Format Version 12.00
# Visual Studio 2013
VisualStudioVersion = 12.0.31101.0
MinimumVisualStudioVersion = 10.0.40219.1
Project("{FAE04EC0-301F-11D3-BF4B-00C04F79EFBC}") = "SqlAnywhereManager", "SqlAnywhereManager\SqlAnywhereManager.csproj", "{88AB24BF-2C4C-4BC1-BF38-F717C2463395}"
EndProject
Project("{FAE04EC0-301F-11D3-BF4B-00C04F79EFBC}") = "SqlAnywhere", "SqlAnywhere\SqlAnywhere.csproj", "{42858F82-0A91-4F7E-8D93-92A49917DEF1}"
EndProject
Project("{FAE04EC0-301F-11D3-BF4B-00C04F79EFBC}") = "SqlAnywhere.Console", "SqlAnywhere.Console\SqlAnywhere.Console.csproj", "{10FBE02A-FB53-4B0A-952E-3D132AE1DB49}"
EndProject
Global
	GlobalSection(SolutionConfigurationPlatforms) = preSolution
		Debug|Any CPU = Debug|Any CPU
		Release|Any CPU = Release|Any CPU
	EndGlobalSection
	GlobalSection(ProjectConfigurationPlatforms) = postSolution
		{88AB24BF-2C4C-4BC1-BF38-F717C2463395}.Debug|Any CPU.ActiveCfg = Debug|Any CPU
		{88AB24BF-2C4C-4BC1-BF38-F717C2463395}.Debug|Any CPU.Build.0 = Debug|Any CPU
		{88AB24BF-2C4C-4BC1-BF38-F717C2463395}.Release|Any CPU.ActiveCfg = Release|Any CPU
		{88AB24BF-2C4C-4BC1-BF38-F717C2463395}.Release|Any CPU.Build.0 = Release|Any CPU
		{42858F82-0A91-4F7E-8D93-92A49917DEF1}.Debug|Any CPU.ActiveCfg = Debug|Any CPU
		{42858F82-0A91-4F7E-8D93-92A49917DEF1}.Debug|Any CPU.Build.0 = Debug|Any CPU
		{42858F82-0A91-4F7E-8D93-92A49917DEF1}.Release|Any CPU.ActiveCfg = Release|Any CPU
		{42858F82-0A91-4F7E-8D93-92A49917DEF1}.Release|Any CPU.Build.0 = Release|Any CPU
		{10FBE02A-FB53-4B0A-952E-3D132AE1DB49}.Debug|Any CPU.ActiveCfg = Debug|Any CPU
		{10FBE02A-FB53-4B0A-952E-3D132AE1DB49}.Debug|Any CPU.Build.0 = Debug|Any CPU
		{10FBE02A-FB53-4B0A-952E-3D132AE1DB49}.Release|Any CPU.ActiveCfg = Release|Any CPU
		{10FBE02A-FB53-4B0A-952E-3D132AE1DB49}.Release|Any CPU.Build.0 = Release|Any CPU
	EndGlobalSection
	GlobalSection(SolutionProperties) = preSolution
		HideSolutionNode = FALSE
	EndGlobalSection
EndGlobal
